{
  "name": "sambacha-containers-master-nextjs",
  "version": "1.0.0",
  "lockfileVersion": 2,
  "requires": true,
  "packages": {
    "": {
      "name": "sambacha-containers-master-nextjs",
      "version": "1.0.0",
      "license": "ISC",
      "dependencies": {
        "@opentelemetry/api": "^1.1.0",
        "@opentelemetry/exporter-zipkin": "^1.4.0",
        "@opentelemetry/tracing": "^0.24.0",
        "@opentelemetry/web": "^0.24.0",
        "browser-util-inspect": "^0.2.0"
      },
      "devDependencies": {
        "prettier": "^2.7.1"
      }
    },
    "node_modules/@opentelemetry/api": {
      "version": "1.1.0",
      "resolved": "https://registry.npmjs.org/@opentelemetry/api/-/api-1.1.0.tgz",
      "integrity": "sha512-hf+3bwuBwtXsugA2ULBc95qxrOqP2pOekLz34BJhcAKawt94vfeNyUKpYc0lZQ/3sCP6LqRa7UAdHA7i5UODzQ==",
      "engines": {
        "node": ">=8.0.0"
      }
    },
    "node_modules/@opentelemetry/core": {
      "version": "1.4.0",
      "resolved": "https://registry.npmjs.org/@opentelemetry/core/-/core-1.4.0.tgz",
      "integrity": "sha512-faq50VFEdyC7ICAOlhSi+yYZ+peznnGjTJToha9R63i9fVopzpKrkZt7AIdXUmz2+L2OqXrcJs7EIdN/oDyr5w==",
      "dependencies": {
        "@opentelemetry/semantic-conventions": "1.4.0"
      },
      "engines": {
        "node": ">=14"
      },
      "peerDependencies": {
        "@opentelemetry/api": ">=1.0.0 <1.2.0"
      }
    },
    "node_modules/@opentelemetry/exporter-zipkin": {
      "version": "1.4.0",
      "resolved": "https://registry.npmjs.org/@opentelemetry/exporter-zipkin/-/exporter-zipkin-1.4.0.tgz",
      "integrity": "sha512-RafOtvHAYwe/wMz0Z4U5VFnLZcmaa5SGuB32mMNe+mUqMuqCirRQCTa3t8hlgSvZ+w2Gz5vjNYjoFZLfoRUGzg==",
      "dependencies": {
        "@opentelemetry/core": "1.4.0",
        "@opentelemetry/resources": "1.4.0",
        "@opentelemetry/sdk-trace-base": "1.4.0",
        "@opentelemetry/semantic-conventions": "1.4.0"
      },
      "engines": {
        "node": ">=14"
      },
      "peerDependencies": {
        "@opentelemetry/api": "^1.0.0"
      }
    },
    "node_modules/@opentelemetry/resources": {
      "version": "1.4.0",
      "resolved": "https://registry.npmjs.org/@opentelemetry/resources/-/resources-1.4.0.tgz",
      "integrity": "sha512-Q3pI5+pCM+Ur7YwK9GbG89UBipwJbfmuzSPAXTw964ZHFzSrz+JAgrETC9rqsUOYdUlj/V7LbRMG5bo72xE0Xw==",
      "dependencies": {
        "@opentelemetry/core": "1.4.0",
        "@opentelemetry/semantic-conventions": "1.4.0"
      },
      "engines": {
        "node": ">=14"
      },
      "peerDependencies": {
        "@opentelemetry/api": ">=1.0.0 <1.2.0"
      }
    },
    "node_modules/@opentelemetry/sdk-trace-base": {
      "version": "1.4.0",
      "resolved": "https://registry.npmjs.org/@opentelemetry/sdk-trace-base/-/sdk-trace-base-1.4.0.tgz",
      "integrity": "sha512-l7EEjcOgYlKWK0hfxz4Jtkkk2DuGiqBDWmRZf7g2Is9RVneF1IgcrbYZTKGaVfBKA7lPuVtUiQ2qTv3R+dKJrw==",
      "dependencies": {
        "@opentelemetry/core": "1.4.0",
        "@opentelemetry/resources": "1.4.0",
        "@opentelemetry/semantic-conventions": "1.4.0"
      },
      "engines": {
        "node": ">=14"
      },
      "peerDependencies": {
        "@opentelemetry/api": ">=1.0.0 <1.2.0"
      }
    },
    "node_modules/@opentelemetry/semantic-conventions": {
      "version": "1.4.0",
      "resolved": "https://registry.npmjs.org/@opentelemetry/semantic-conventions/-/semantic-conventions-1.4.0.tgz",
      "integrity": "sha512-Hzl8soGpmyzja9w3kiFFcYJ7n5HNETpplY6cb67KR4QPlxp4FTTresO06qXHgHDhyIInmbLJXuwARjjpsKYGuQ==",
      "engines": {
        "node": ">=14"
      }
    },
    "node_modules/@opentelemetry/tracing": {
      "version": "0.24.0",
      "resolved": "https://registry.npmjs.org/@opentelemetry/tracing/-/tracing-0.24.0.tgz",
      "integrity": "sha512-sTLEs1SIon3xV8vLe53PzfbU0FahoxL9NPY/CYvA1mwGbMu4zHkHAjqy1Tc8JmqRrfa+XrHkmzeSM4hrvloBaA==",
      "deprecated": "Package renamed to @opentelemetry/sdk-trace-base",
      "dependencies": {
        "@opentelemetry/core": "0.24.0",
        "@opentelemetry/resources": "0.24.0",
        "@opentelemetry/semantic-conventions": "0.24.0",
        "lodash.merge": "^4.6.2"
      },
      "engines": {
        "node": ">=8.0.0"
      },
      "peerDependencies": {
        "@opentelemetry/api": "^1.0.1"
      }
    },
    "node_modules/@opentelemetry/tracing/node_modules/@opentelemetry/core": {
      "version": "0.24.0",
      "resolved": "https://registry.npmjs.org/@opentelemetry/core/-/core-0.24.0.tgz",
      "integrity": "sha512-KpsfxBbFTZT9zaB4Es/fFLbvSzVl9Io/8UUu/TYl4/HgqkmyVInNlWTgRiKyz9nsHzFpGP1kdZJj+YIut0IFsw==",
      "dependencies": {
        "@opentelemetry/semantic-conventions": "0.24.0",
        "semver": "^7.1.3"
      },
      "engines": {
        "node": ">=8.5.0"
      },
      "peerDependencies": {
        "@opentelemetry/api": "^1.0.1"
      }
    },
    "node_modules/@opentelemetry/tracing/node_modules/@opentelemetry/resources": {
      "version": "0.24.0",
      "resolved": "https://registry.npmjs.org/@opentelemetry/resources/-/resources-0.24.0.tgz",
      "integrity": "sha512-uEr2m13IRkjQAjX6fsYqJ21aONCspRvuQunaCl8LbH1NS1Gj82TuRUHF6TM82ulBPK8pU+nrrqXKuky2cMcIzw==",
      "dependencies": {
        "@opentelemetry/core": "0.24.0",
        "@opentelemetry/semantic-conventions": "0.24.0"
      },
      "engines": {
        "node": ">=8.0.0"
      },
      "peerDependencies": {
        "@opentelemetry/api": "^1.0.1"
      }
    },
    "node_modules/@opentelemetry/tracing/node_modules/@opentelemetry/semantic-conventions": {
      "version": "0.24.0",
      "resolved": "https://registry.npmjs.org/@opentelemetry/semantic-conventions/-/semantic-conventions-0.24.0.tgz",
      "integrity": "sha512-a/szuMQV0Quy0/M7kKdglcbRSoorleyyOwbTNNJ32O+RBN766wbQlMTvdimImTmwYWGr+NJOni1EcC242WlRcA==",
      "engines": {
        "node": ">=8.0.0"
      }
    },
    "node_modules/@opentelemetry/web": {
      "version": "0.24.0",
      "resolved": "https://registry.npmjs.org/@opentelemetry/web/-/web-0.24.0.tgz",
      "integrity": "sha512-yxAKj7bQ3czfif9MtYXaSJrgRcrLUNltslyhEE+Oh7Ojh9XQ0Q5RhPnE9cwHdR7yp1+HjbEHE+I91QIMKMlVWA==",
      "deprecated": "Package renamed to @opentelemetry/sdk-trace-web",
      "dependencies": {
        "@opentelemetry/core": "0.24.0",
        "@opentelemetry/semantic-conventions": "0.24.0",
        "@opentelemetry/tracing": "0.24.0"
      },
      "engines": {
        "node": ">=8.0.0"
      },
      "peerDependencies": {
        "@opentelemetry/api": "^1.0.1"
      }
    },
    "node_modules/@opentelemetry/web/node_modules/@opentelemetry/core": {
      "version": "0.24.0",
      "resolved": "https://registry.npmjs.org/@opentelemetry/core/-/core-0.24.0.tgz",
      "integrity": "sha512-KpsfxBbFTZT9zaB4Es/fFLbvSzVl9Io/8UUu/TYl4/HgqkmyVInNlWTgRiKyz9nsHzFpGP1kdZJj+YIut0IFsw==",
      "dependencies": {
        "@opentelemetry/semantic-conventions": "0.24.0",
        "semver": "^7.1.3"
      },
      "engines": {
        "node": ">=8.5.0"
      },
      "peerDependencies": {
        "@opentelemetry/api": "^1.0.1"
      }
    },
    "node_modules/@opentelemetry/web/node_modules/@opentelemetry/semantic-conventions": {
      "version": "0.24.0",
      "resolved": "https://registry.npmjs.org/@opentelemetry/semantic-conventions/-/semantic-conventions-0.24.0.tgz",
      "integrity": "sha512-a/szuMQV0Quy0/M7kKdglcbRSoorleyyOwbTNNJ32O+RBN766wbQlMTvdimImTmwYWGr+NJOni1EcC242WlRcA==",
      "engines": {
        "node": ">=8.0.0"
      }
    },
    "node_modules/browser-util-inspect": {
      "version": "0.2.0",
      "resolved": "https://registry.npmjs.org/browser-util-inspect/-/browser-util-inspect-0.2.0.tgz",
      "integrity": "sha512-R7WvAj0p9FtwS2Jbtc1HUd1+YZdeb5EEqjBSbbOK3owJtW1viWyJDeTPy43QZ7bZ8POtb1yMv++h844486jMsQ=="
    },
    "node_modules/lodash.merge": {
      "version": "4.6.2",
      "resolved": "https://registry.npmjs.org/lodash.merge/-/lodash.merge-4.6.2.tgz",
      "integrity": "sha512-0KpjqXRVvrYyCsX1swR/XTK0va6VQkQM6MNo7PqW77ByjAhoARA8EfrP1N4+KlKj8YS0ZUCtRT/YUuhyYDujIQ=="
    },
    "node_modules/lru-cache": {
      "version": "6.0.0",
      "resolved": "https://registry.npmjs.org/lru-cache/-/lru-cache-6.0.0.tgz",
      "integrity": "sha512-Jo6dJ04CmSjuznwJSS3pUeWmd/H0ffTlkXXgwZi+eq1UCmqQwCh+eLsYOYCwY991i2Fah4h1BEMCx4qThGbsiA==",
      "dependencies": {
        "yallist": "^4.0.0"
      },
      "engines": {
        "node": ">=10"
      }
    },
    "node_modules/prettier": {
      "version": "2.7.1",
      "resolved": "https://registry.npmjs.org/prettier/-/prettier-2.7.1.tgz",
      "integrity": "sha512-ujppO+MkdPqoVINuDFDRLClm7D78qbDt0/NR+wp5FqEZOoTNAjPHWj17QRhu7geIHJfcNhRk1XVQmF8Bp3ye+g==",
      "dev": true,
      "bin": {
        "prettier": "bin-prettier.js"
      },
      "engines": {
        "node": ">=10.13.0"
      },
      "funding": {
        "url": "https://github.com/prettier/prettier?sponsor=1"
      }
    },
    "node_modules/semver": {
      "version": "7.3.7",
      "resolved": "https://registry.npmjs.org/semver/-/semver-7.3.7.tgz",
      "integrity": "sha512-QlYTucUYOews+WeEujDoEGziz4K6c47V/Bd+LjSSYcA94p+DmINdf7ncaUinThfvZyu13lN9OY1XDxt8C0Tw0g==",
      "dependencies": {
        "lru-cache": "^6.0.0"
      },
      "bin": {
        "semver": "bin/semver.js"
      },
      "engines": {
        "node": ">=10"
      }
    },
    "node_modules/yallist": {
      "version": "4.0.0",
      "resolved": "https://registry.npmjs.org/yallist/-/yallist-4.0.0.tgz",
      "integrity": "sha512-3wdGidZyq5PB084XLES5TpOSRA3wjXAlIWMhum2kRcv/41Sn2emQ0dycQW4uZXLejwKvg6EsvbdlVL+FYEct7A=="
    }
  },
  "dependencies": {
    "@opentelemetry/api": {
      "version": "1.1.0",
      "resolved": "https://registry.npmjs.org/@opentelemetry/api/-/api-1.1.0.tgz",
      "integrity": "sha512-hf+3bwuBwtXsugA2ULBc95qxrOqP2pOekLz34BJhcAKawt94vfeNyUKpYc0lZQ/3sCP6LqRa7UAdHA7i5UODzQ=="
    },
    "@opentelemetry/core": {
      "version": "1.4.0",
      "resolved": "https://registry.npmjs.org/@opentelemetry/core/-/core-1.4.0.tgz",
      "integrity": "sha512-faq50VFEdyC7ICAOlhSi+yYZ+peznnGjTJToha9R63i9fVopzpKrkZt7AIdXUmz2+L2OqXrcJs7EIdN/oDyr5w==",
      "requires": {
        "@opentelemetry/semantic-conventions": "1.4.0"
      }
    },
    "@opentelemetry/exporter-zipkin": {
      "version": "1.4.0",
      "resolved": "https://registry.npmjs.org/@opentelemetry/exporter-zipkin/-/exporter-zipkin-1.4.0.tgz",
      "integrity": "sha512-RafOtvHAYwe/wMz0Z4U5VFnLZcmaa5SGuB32mMNe+mUqMuqCirRQCTa3t8hlgSvZ+w2Gz5vjNYjoFZLfoRUGzg==",
      "requires": {
        "@opentelemetry/core": "1.4.0",
        "@opentelemetry/resources": "1.4.0",
        "@opentelemetry/sdk-trace-base": "1.4.0",
        "@opentelemetry/semantic-conventions": "1.4.0"
      }
    },
    "@opentelemetry/resources": {
      "version": "1.4.0",
      "resolved": "https://registry.npmjs.org/@opentelemetry/resources/-/resources-1.4.0.tgz",
      "integrity": "sha512-Q3pI5+pCM+Ur7YwK9GbG89UBipwJbfmuzSPAXTw964ZHFzSrz+JAgrETC9rqsUOYdUlj/V7LbRMG5bo72xE0Xw==",
      "requires": {
        "@opentelemetry/core": "1.4.0",
        "@opentelemetry/semantic-conventions": "1.4.0"
      }
    },
    "@opentelemetry/sdk-trace-base": {
      "version": "1.4.0",
      "resolved": "https://registry.npmjs.org/@opentelemetry/sdk-trace-base/-/sdk-trace-base-1.4.0.tgz",
      "integrity": "sha512-l7EEjcOgYlKWK0hfxz4Jtkkk2DuGiqBDWmRZf7g2Is9RVneF1IgcrbYZTKGaVfBKA7lPuVtUiQ2qTv3R+dKJrw==",
      "requires": {
        "@opentelemetry/core": "1.4.0",
        "@opentelemetry/resources": "1.4.0",
        "@opentelemetry/semantic-conventions": "1.4.0"
      }
    },
    "@opentelemetry/semantic-conventions": {
      "version": "1.4.0",
      "resolved": "https://registry.npmjs.org/@opentelemetry/semantic-conventions/-/semantic-conventions-1.4.0.tgz",
      "integrity": "sha512-Hzl8soGpmyzja9w3kiFFcYJ7n5HNETpplY6cb67KR4QPlxp4FTTresO06qXHgHDhyIInmbLJXuwARjjpsKYGuQ=="
    },
    "@opentelemetry/tracing": {
      "version": "0.24.0",
      "resolved": "https://registry.npmjs.org/@opentelemetry/tracing/-/tracing-0.24.0.tgz",
      "integrity": "sha512-sTLEs1SIon3xV8vLe53PzfbU0FahoxL9NPY/CYvA1mwGbMu4zHkHAjqy1Tc8JmqRrfa+XrHkmzeSM4hrvloBaA==",
      "requires": {
        "@opentelemetry/core": "0.24.0",
        "@opentelemetry/resources": "0.24.0",
        "@opentelemetry/semantic-conventions": "0.24.0",
        "lodash.merge": "^4.6.2"
      },
      "dependencies": {
        "@opentelemetry/core": {
          "version": "0.24.0",
          "resolved": "https://registry.npmjs.org/@opentelemetry/core/-/core-0.24.0.tgz",
          "integrity": "sha512-KpsfxBbFTZT9zaB4Es/fFLbvSzVl9Io/8UUu/TYl4/HgqkmyVInNlWTgRiKyz9nsHzFpGP1kdZJj+YIut0IFsw==",
          "requires": {
            "@opentelemetry/semantic-conventions": "0.24.0",
            "semver": "^7.1.3"
          }
        },
        "@opentelemetry/resources": {
          "version": "0.24.0",
          "resolved": "https://registry.npmjs.org/@opentelemetry/resources/-/resources-0.24.0.tgz",
          "integrity": "sha512-uEr2m13IRkjQAjX6fsYqJ21aONCspRvuQunaCl8LbH1NS1Gj82TuRUHF6TM82ulBPK8pU+nrrqXKuky2cMcIzw==",
          "requires": {
            "@opentelemetry/core": "0.24.0",
            "@opentelemetry/semantic-conventions": "0.24.0"
          }
        },
        "@opentelemetry/semantic-conventions": {
          "version": "0.24.0",
          "resolved": "https://registry.npmjs.org/@opentelemetry/semantic-conventions/-/semantic-conventions-0.24.0.tgz",
          "integrity": "sha512-a/szuMQV0Quy0/M7kKdglcbRSoorleyyOwbTNNJ32O+RBN766wbQlMTvdimImTmwYWGr+NJOni1EcC242WlRcA=="
        }
      }
    },
    "@opentelemetry/web": {
      "version": "0.24.0",
      "resolved": "https://registry.npmjs.org/@opentelemetry/web/-/web-0.24.0.tgz",
      "integrity": "sha512-yxAKj7bQ3czfif9MtYXaSJrgRcrLUNltslyhEE+Oh7Ojh9XQ0Q5RhPnE9cwHdR7yp1+HjbEHE+I91QIMKMlVWA==",
      "requires": {
        "@opentelemetry/core": "0.24.0",
        "@opentelemetry/semantic-conventions": "0.24.0",
        "@opentelemetry/tracing": "0.24.0"
      },
      "dependencies": {
        "@opentelemetry/core": {
          "version": "0.24.0",
          "resolved": "https://registry.npmjs.org/@opentelemetry/core/-/core-0.24.0.tgz",
          "integrity": "sha512-KpsfxBbFTZT9zaB4Es/fFLbvSzVl9Io/8UUu/TYl4/HgqkmyVInNlWTgRiKyz9nsHzFpGP1kdZJj+YIut0IFsw==",
          "requires": {
            "@opentelemetry/semantic-conventions": "0.24.0",
            "semver": "^7.1.3"
          }
        },
        "@opentelemetry/semantic-conventions": {
          "version": "0.24.0",
          "resolved": "https://registry.npmjs.org/@opentelemetry/semantic-conventions/-/semantic-conventions-0.24.0.tgz",
          "integrity": "sha512-a/szuMQV0Quy0/M7kKdglcbRSoorleyyOwbTNNJ32O+RBN766wbQlMTvdimImTmwYWGr+NJOni1EcC242WlRcA=="
        }
      }
    },
    "browser-util-inspect": {
      "version": "0.2.0",
      "resolved": "https://registry.npmjs.org/browser-util-inspect/-/browser-util-inspect-0.2.0.tgz",
      "integrity": "sha512-R7WvAj0p9FtwS2Jbtc1HUd1+YZdeb5EEqjBSbbOK3owJtW1viWyJDeTPy43QZ7bZ8POtb1yMv++h844486jMsQ=="
    },
    "lodash.merge": {
      "version": "4.6.2",
      "resolved": "https://registry.npmjs.org/lodash.merge/-/lodash.merge-4.6.2.tgz",
      "integrity": "sha512-0KpjqXRVvrYyCsX1swR/XTK0va6VQkQM6MNo7PqW77ByjAhoARA8EfrP1N4+KlKj8YS0ZUCtRT/YUuhyYDujIQ=="
    },
    "lru-cache": {
      "version": "6.0.0",
      "resolved": "https://registry.npmjs.org/lru-cache/-/lru-cache-6.0.0.tgz",
      "integrity": "sha512-Jo6dJ04CmSjuznwJSS3pUeWmd/H0ffTlkXXgwZi+eq1UCmqQwCh+eLsYOYCwY991i2Fah4h1BEMCx4qThGbsiA==",
      "requires": {
        "yallist": "^4.0.0"
      }
    },
    "prettier": {
      "version": "2.7.1",
      "resolved": "https://registry.npmjs.org/prettier/-/prettier-2.7.1.tgz",
      "integrity": "sha512-ujppO+MkdPqoVINuDFDRLClm7D78qbDt0/NR+wp5FqEZOoTNAjPHWj17QRhu7geIHJfcNhRk1XVQmF8Bp3ye+g==",
      "dev": true
    },
    "semver": {
      "version": "7.3.7",
      "resolved": "https://registry.npmjs.org/semver/-/semver-7.3.7.tgz",
      "integrity": "sha512-QlYTucUYOews+WeEujDoEGziz4K6c47V/Bd+LjSSYcA94p+DmINdf7ncaUinThfvZyu13lN9OY1XDxt8C0Tw0g==",
      "requires": {
        "lru-cache": "^6.0.0"
      }
    },
    "yallist": {
      "version": "4.0.0",
      "resolved": "https://registry.npmjs.org/yallist/-/yallist-4.0.0.tgz",
      "integrity": "sha512-3wdGidZyq5PB084XLES5TpOSRA3wjXAlIWMhum2kRcv/41Sn2emQ0dycQW4uZXLejwKvg6EsvbdlVL+FYEct7A=="
    }
  }
}
